// !$*UTF8*$!
{
	archiveVersion = 1;
	classes = {
	};
	objectVersion = 46;
	objects = {

/* Begin PBXBuildFile section */
		9009CD351E49125200D8C090 /* AppDelegate.swift in Sources */ = {isa = PBXBuildFile; fileRef = 9009CD341E49125200D8C090 /* AppDelegate.swift */; };
		9009CD3A1E49125200D8C090 /* Main.storyboard in Resources */ = {isa = PBXBuildFile; fileRef = 9009CD381E49125200D8C090 /* Main.storyboard */; };
		9009CD3C1E49125200D8C090 /* Assets.xcassets in Resources */ = {isa = PBXBuildFile; fileRef = 9009CD3B1E49125200D8C090 /* Assets.xcassets */; };
		9009CD3F1E49125200D8C090 /* LaunchScreen.storyboard in Resources */ = {isa = PBXBuildFile; fileRef = 9009CD3D1E49125200D8C090 /* LaunchScreen.storyboard */; };
		9009CD471E49153B00D8C090 /* Player.swift in Sources */ = {isa = PBXBuildFile; fileRef = 9009CD461E49153B00D8C090 /* Player.swift */; };
		9009CD491E49181200D8C090 /* ronaldo.jpg in Resources */ = {isa = PBXBuildFile; fileRef = 9009CD481E49181200D8C090 /* ronaldo.jpg */; };
		9009CD4B1E491BD200D8C090 /* PlayerVC.swift in Sources */ = {isa = PBXBuildFile; fileRef = 9009CD4A1E491BD200D8C090 /* PlayerVC.swift */; };
		9009CD501E49227800D8C090 /* messi.jpg in Resources */ = {isa = PBXBuildFile; fileRef = 9009CD4C1E49227800D8C090 /* messi.jpg */; };
		9009CD511E49227800D8C090 /* pepe.jpg in Resources */ = {isa = PBXBuildFile; fileRef = 9009CD4D1E49227800D8C090 /* pepe.jpg */; };
		9009CD521E49227800D8C090 /* ramos.jpg in Resources */ = {isa = PBXBuildFile; fileRef = 9009CD4E1E49227800D8C090 /* ramos.jpg */; };
		9009CD531E49227800D8C090 /* suares.jpg in Resources */ = {isa = PBXBuildFile; fileRef = 9009CD4F1E49227800D8C090 /* suares.jpg */; };
		9009CD551E49275200D8C090 /* PlayerDetailVC.swift in Sources */ = {isa = PBXBuildFile; fileRef = 9009CD541E49275200D8C090 /* PlayerDetailVC.swift */; };
/* End PBXBuildFile section */

/* Begin PBXFileReference section */
		9009CD311E49125200D8C090 /* PlayerLister.app */ = {isa = PBXFileReference; explicitFileType = wrapper.application; includeInIndex = 0; path = PlayerLister.app; sourceTree = BUILT_PRODUCTS_DIR; };
		9009CD341E49125200D8C090 /* AppDelegate.swift */ = {isa = PBXFileReference; lastKnownFileType = sourcecode.swift; path = AppDelegate.swift; sourceTree = "<group>"; };
		9009CD391E49125200D8C090 /* Base */ = {isa = PBXFileReference; lastKnownFileType = file.storyboard; name = Base; path = Base.lproj/Main.storyboard; sourceTree = "<group>"; };
		9009CD3B1E49125200D8C090 /* Assets.xcassets */ = {isa = PBXFileReference; lastKnownFileType = folder.assetcatalog; path = Assets.xcassets; sourceTree = "<group>"; };
		9009CD3E1E49125200D8C090 /* Base */ = {isa = PBXFileReference; lastKnownFileType = file.storyboard; name = Base; path = Base.lproj/LaunchScreen.storyboard; sourceTree = "<group>"; };
		9009CD401E49125200D8C090 /* Info.plist */ = {isa = PBXFileReference; lastKnownFileType = text.plist.xml; path = Info.plist; sourceTree = "<group>"; };
		9009CD461E49153B00D8C090 /* Player.swift */ = {isa = PBXFileReference; fileEncoding = 4; lastKnownFileType = sourcecode.swift; path = Player.swift; sourceTree = "<group>"; };
		9009CD481E49181200D8C090 /* ronaldo.jpg */ = {isa = PBXFileReference; lastKnownFileType = image.jpeg; path = ronaldo.jpg; sourceTree = "<group>"; };
		9009CD4A1E491BD200D8C090 /* PlayerVC.swift */ = {isa = PBXFileReference; fileEncoding = 4; lastKnownFileType = sourcecode.swift; path = PlayerVC.swift; sourceTree = "<group>"; };
		9009CD4C1E49227800D8C090 /* messi.jpg */ = {isa = PBXFileReference; lastKnownFileType = image.jpeg; path = messi.jpg; sourceTree = "<group>"; };
		9009CD4D1E49227800D8C090 /* pepe.jpg */ = {isa = PBXFileReference; lastKnownFileType = image.jpeg; path = pepe.jpg; sourceTree = "<group>"; };
		9009CD4E1E49227800D8C090 /* ramos.jpg */ = {isa = PBXFileReference; lastKnownFileType = image.jpeg; path = ramos.jpg; sourceTree = "<group>"; };
		9009CD4F1E49227800D8C090 /* suares.jpg */ = {isa = PBXFileReference; lastKnownFileType = image.jpeg; path = suares.jpg; sourceTree = "<group>"; };
		9009CD541E49275200D8C090 /* PlayerDetailVC.swift */ = {isa = PBXFileReference; fileEncoding = 4; lastKnownFileType = sourcecode.swift; path = PlayerDetailVC.swift; sourceTree = "<group>"; };
/* End PBXFileReference section */

/* Begin PBXFrameworksBuildPhase section */
		9009CD2E1E49125200D8C090 /* Frameworks */ = {
			isa = PBXFrameworksBuildPhase;
			buildActionMask = 2147483647;
			files = (
			);
			runOnlyForDeploymentPostprocessing = 0;
		};
/* End PBXFrameworksBuildPhase section */

/* Begin PBXGroup section */
		9009CD281E49125200D8C090 = {
			isa = PBXGroup;
			children = (
				9009CD331E49125200D8C090 /* PlayerLister */,
				9009CD321E49125200D8C090 /* Products */,
			);
			sourceTree = "<group>";
		};
		9009CD321E49125200D8C090 /* Products */ = {
			isa = PBXGroup;
			children = (
				9009CD311E49125200D8C090 /* PlayerLister.app */,
			);
			name = Products;
			sourceTree = "<group>";
		};
		9009CD331E49125200D8C090 /* PlayerLister */ = {
			isa = PBXGroup;
			children = (
				9009CD4A1E491BD200D8C090 /* PlayerVC.swift */,
				9009CD541E49275200D8C090 /* PlayerDetailVC.swift */,
				9009CD4C1E49227800D8C090 /* messi.jpg */,
				9009CD4D1E49227800D8C090 /* pepe.jpg */,
				9009CD4E1E49227800D8C090 /* ramos.jpg */,
				9009CD4F1E49227800D8C090 /* suares.jpg */,
				9009CD481E49181200D8C090 /* ronaldo.jpg */,
				9009CD461E49153B00D8C090 /* Player.swift */,
				9009CD341E49125200D8C090 /* AppDelegate.swift */,
				9009CD381E49125200D8C090 /* Main.storyboard */,
				9009CD3B1E49125200D8C090 /* Assets.xcassets */,
				9009CD3D1E49125200D8C090 /* LaunchScreen.storyboard */,
				9009CD401E49125200D8C090 /* Info.plist */,
			);
			path = PlayerLister;
			sourceTree = "<group>";
		};
/* End PBXGroup section */

/* Begin PBXNativeTarget section */
		9009CD301E49125200D8C090 /* PlayerLister */ = {
			isa = PBXNativeTarget;
			buildConfigurationList = 9009CD431E49125200D8C090 /* Build configuration list for PBXNativeTarget "PlayerLister" */;
			buildPhases = (
				9009CD2D1E49125200D8C090 /* Sources */,
				9009CD2E1E49125200D8C090 /* Frameworks */,
				9009CD2F1E49125200D8C090 /* Resources */,
			);
			buildRules = (
			);
			dependencies = (
			);
			name = PlayerLister;
			productName = PlayerLister;
			productReference = 9009CD311E49125200D8C090 /* PlayerLister.app */;
			productType = "com.apple.product-type.application";
		};
/* End PBXNativeTarget section */

/* Begin PBXProject section */
		9009CD291E49125200D8C090 /* Project object */ = {
			isa = PBXProject;
			attributes = {
				LastSwiftUpdateCheck = 0820;
				LastUpgradeCheck = 0820;
				ORGANIZATIONNAME = "Andrii Halabuda";
				TargetAttributes = {
					9009CD301E49125200D8C090 = {
						CreatedOnToolsVersion = 8.2.1;
						DevelopmentTeam = PTRW36GG78;
						ProvisioningStyle = Automatic;
					};
				};
			};
			buildConfigurationList = 9009CD2C1E49125200D8C090 /* Build configuration list for PBXProject "PlayerLister" */;
			compatibilityVersion = "Xcode 3.2";
			developmentRegion = English;
			hasScannedForEncodings = 0;
			knownRegions = (
				en,
				Base,
			);
			mainGroup = 9009CD281E49125200D8C090;
			productRefGroup = 9009CD321E49125200D8C090 /* Products */;
			projectDirPath = "";
			projectRoot = "";
			targets = (
				9009CD301E49125200D8C090 /* PlayerLister */,
			);
		};
/* End PBXProject section */

/* Begin PBXResourcesBuildPhase section */
		9009CD2F1E49125200D8C090 /* Resources */ = {
			isa = PBXResourcesBuildPhase;
			buildActionMask = 2147483647;
			files = (
				9009CD3F1E49125200D8C090 /* LaunchScreen.storyboard in Resources */,
				9009CD511E49227800D8C090 /* pepe.jpg in Resources */,
				9009CD521E49227800D8C090 /* ramos.jpg in Resources */,
				9009CD491E49181200D8C090 /* ronaldo.jpg in Resources */,
				9009CD531E49227800D8C090 /* suares.jpg in Resources */,
				9009CD3C1E49125200D8C090 /* Assets.xcassets in Resources */,
				9009CD3A1E49125200D8C090 /* Main.storyboard in Resources */,
				9009CD501E49227800D8C090 /* messi.jpg in Resources */,
			);
			runOnlyForDeploymentPostprocessing = 0;
		};
/* End PBXResourcesBuildPhase section */

/* Begin PBXSourcesBuildPhase section */
		9009CD2D1E49125200D8C090 /* Sources */ = {
			isa = PBXSourcesBuildPhase;
			buildActionMask = 2147483647;
			files = (
				9009CD551E49275200D8C090 /* PlayerDetailVC.swift in Sources */,
				9009CD4B1E491BD200D8C090 /* PlayerVC.swift in Sources */,
				9009CD471E49153B00D8C090 /* Player.swift in Sources */,
				9009CD351E49125200D8C090 /* AppDelegate.swift in Sources */,
			);
			runOnlyForDeploymentPostprocessing = 0;
		};
/* End PBXSourcesBuildPhase section */

/* Begin PBXVariantGroup section */
		9009CD381E49125200D8C090 /* Main.storyboard */ = {
			isa = PBXVariantGroup;
			children = (
				9009CD391E49125200D8C090 /* Base */,
			);
			name = Main.storyboard;
			sourceTree = "<group>";
		};
		9009CD3D1E49125200D8C090 /* LaunchScreen.storyboard */ = {
			isa = PBXVariantGroup;
			children = (
				9009CD3E1E49125200D8C090 /* Base */,
			);
			name = LaunchScreen.storyboard;
			sourceTree = "<group>";
		};
/* End PBXVariantGroup section */

/* Begin XCBuildConfiguration section */
		9009CD411E49125200D8C090 /* Debug */ = {
			isa = XCBuildConfiguration;
			buildSettings = {
				ALWAYS_SEARCH_USER_PATHS = NO;
				CLANG_ANALYZER_NONNULL = YES;
				CLANG_CXX_LANGUAGE_STANDARD = "gnu++0x";
				CLANG_CXX_LIBRARY = "libc++";
				CLANG_ENABLE_MODULES = YES;
				CLANG_ENABLE_OBJC_ARC = YES;
				CLANG_WARN_BOOL_CONVERSION = YES;
				CLANG_WARN_CONSTANT_CONVERSION = YES;
				CLANG_WARN_DIRECT_OBJC_ISA_USAGE = YES_ERROR;
				CLANG_WARN_DOCUMENTATION_COMMENTS = YES;
				CLANG_WARN_EMPTY_BODY = YES;
				CLANG_WARN_ENUM_CONVERSION = YES;
				CLANG_WARN_INFINITE_RECURSION = YES;
				CLANG_WARN_INT_CONVERSION = YES;
				CLANG_WARN_OBJC_ROOT_CLASS = YES_ERROR;
				CLANG_WARN_SUSPICIOUS_MOVE = YES;
				CLANG_WARN_UNREACHABLE_CODE = YES;
				CLANG_WARN__DUPLICATE_METHOD_MATCH = YES;
				"CODE_SIGN_IDENTITY[sdk=iphoneos*]" = "iPhone Developer";
				COPY_PHASE_STRIP = NO;
				DEBUG_INFORMATION_FORMAT = dwarf;
				ENABLE_STRICT_OBJC_MSGSEND = YES;
				ENABLE_TESTABILITY = YES;
				GCC_C_LANGUAGE_STANDARD = gnu99;
				GCC_DYNAMIC_NO_PIC = NO;
				GCC_NO_COMMON_BLOCKS = YES;
				GCC_OPTIMIZATION_LEVEL = 0;
				GCC_PREPROCESSOR_DEFINITIONS = (
					"DEBUG=1",
					"$(inherited)",
				);
				GCC_WARN_64_TO_32_BIT_CONVERSION = YES;
				GCC_WARN_ABOUT_RETURN_TYPE = YES_ERROR;
				GCC_WARN_UNDECLARED_SELECTOR = YES;
				GCC_WARN_UNINITIALIZED_AUTOS = YES_AGGRESSIVE;
				GCC_WARN_UNUSED_FUNCTION = YES;
				GCC_WARN_UNUSED_VARIABLE = YES;
				IPHONEOS_DEPLOYMENT_TARGET = 10.2;
				MTL_ENABLE_DEBUG_INFO = YES;
				ONLY_ACTIVE_ARCH = YES;
				SDKROOT = iphoneos;
				SWIFT_ACTIVE_COMPILATION_CONDITIONS = DEBUG;
				SWIFT_OPTIMIZATION_LEVEL = "-Onone";
				TARGETED_DEVICE_FAMILY = "1,2";
			};
			name = Debug;
		};
		9009CD421E49125200D8C090 /* Release */ = {
			isa = XCBuildConfiguration;
			buildSettings = {
				ALWAYS_SEARCH_USER_PATHS = NO;
				CLANG_ANALYZER_NONNULL = YES;
				CLANG_CXX_LANGUAGE_STANDARD = "gnu++0x";
				CLANG_CXX_LIBRARY = "libc++";
				CLANG_ENABLE_MODULES = YES;
				CLANG_ENABLE_OBJC_ARC = YES;
				CLANG_WARN_BOOL_CONVERSION = YES;
				CLANG_WARN_CONSTANT_CONVERSION = YES;
				CLANG_WARN_DIRECT_OBJC_ISA_USAGE = YES_ERROR;
				CLANG_WARN_DOCUMENTATION_COMMENTS = YES;
				CLANG_WARN_EMPTY_BODY = YES;
				CLANG_WARN_ENUM_CONVERSION = YES;
				CLANG_WARN_INFINITE_RECURSION = YES;
				CLANG_WARN_INT_CONVERSION = YES;
				CLANG_WARN_OBJC_ROOT_CLASS = YES_ERROR;
				CLANG_WARN_SUSPICIOUS_MOVE = YES;
				CLANG_WARN_UNREACHABLE_CODE = YES;
				CLANG_WARN__DUPLICATE_METHOD_MATCH = YES;
				"CODE_SIGN_IDENTITY[sdk=iphoneos*]" = "iPhone Developer";
				COPY_PHASE_STRIP = NO;
				DEBUG_INFORMATION_FORMAT = "dwarf-with-dsym";
				ENABLE_NS_ASSERTIONS = NO;
				ENABLE_STRICT_OBJC_MSGSEND = YES;
				GCC_C_LANGUAGE_STANDARD = gnu99;
				GCC_NO_COMMON_BLOCKS = YES;
				GCC_WARN_64_TO_32_BIT_CONVERSION = YES;
				GCC_WARN_ABOUT_RETURN_TYPE = YES_ERROR;
				GCC_WARN_UNDECLARED_SELECTOR = YES;
				GCC_WARN_UNINITIALIZED_AUTOS = YES_AGGRESSIVE;
				GCC_WARN_UNUSED_FUNCTION = YES;
				GCC_WARN_UNUSED_VARIABLE = YES;
				IPHONEOS_DEPLOYMENT_TARGET = 10.2;
				MTL_ENABLE_DEBUG_INFO = NO;
				SDKROOT = iphoneos;
				SWIFT_OPTIMIZATION_LEVEL = "-Owholemodule";
				TARGETED_DEVICE_FAMILY = "1,2";
				VALIDATE_PRODUCT = YES;
			};
			name = Release;
		};
		9009CD441E49125200D8C090 /* Debug */ = {
			isa = XCBuildConfiguration;
			buildSettings = {
				ASSETCATALOG_COMPILER_APPICON_NAME = AppIcon;
				DEVELOPMENT_TEAM = PTRW36GG78;
				INFOPLIST_FILE = PlayerLister/Info.plist;
				LD_RUNPATH_SEARCH_PATHS = "$(inherited) @executable_path/Frameworks";
				PRODUCT_BUNDLE_IDENTIFIER = com.losAngelesBoy.PlayerLister;
				PRODUCT_NAME = "$(TARGET_NAME)";
				SWIFT_VERSION = 3.0;
			};
			name = Debug;
		};
		9009CD451E49125200D8C090 /* Release */ = {
			isa = XCBuildConfiguration;
			buildSettings = {
				ASSETCATALOG_COMPILER_APPICON_NAME = AppIcon;
				DEVELOPMENT_TEAM = PTRW36GG78;
				INFOPLIST_FILE = PlayerLister/Info.plist;
				LD_RUNPATH_SEARCH_PATHS = "$(inherited) @executable_path/Frameworks";
				PRODUCT_BUNDLE_IDENTIFIER = com.losAngelesBoy.PlayerLister;
				PRODUCT_NAME = "$(TARGET_NAME)";
				SWIFT_VERSION = 3.0;
			};
			name = Release;
		};
/* End XCBuildConfiguration section */

/* Begin XCConfigurationList section */
		9009CD2C1E49125200D8C090 /* Build configuration list for PBXProject "PlayerLister" */ = {
			isa = XCConfigurationList;
			buildConfigurations = (
				9009CD411E49125200D8C090 /* Debug */,
				9009CD421E49125200D8C090 /* Release */,
			);
			defaultConfigurationIsVisible = 0;
			defaultConfigurationName = Release;
		};
		9009CD431E49125200D8C090 /* Build configuration list for PBXNativeTarget "PlayerLister" */ = {
			isa = XCConfigurationList;
			buildConfigurations = (
				9009CD441E49125200D8C090 /* Debug */,
				9009CD451E49125200D8C090 /* Release */,
			);
			defaultConfigurationIsVisible = 0;
		};
/* End XCConfigurationList section */
	};
	rootObject = 9009CD291E49125200D8C090 /* Project object */;
}
